
Microsoft Visual Studio Solution File, Format Version 12.00
# Visual Studio Version 17
VisualStudioVersion = 17.11.35222.181
MinimumVisualStudioVersion = 10.0.40219.1
Project("{FAE04EC0-301F-11D3-BF4B-00C04F79EFBC}") = "Wumpus3.1", "Wumpus3.1\Wumpus3.1.csproj", "{662AA59B-2026-41FC-8CC2-95833B8F030E}"
EndProject
Project("{FAE04EC0-301F-11D3-BF4B-00C04F79EFBC}") = "Logica", "Logica\Logica.csproj", "{8B50D114-BDE6-494C-9CF1-30D728AAACF9}"
EndProject
Global
	GlobalSection(SolutionConfigurationPlatforms) = preSolution
		Debug|Any CPU = Debug|Any CPU
		Release|Any CPU = Release|Any CPU
	EndGlobalSection
	GlobalSection(ProjectConfigurationPlatforms) = postSolution
		{662AA59B-2026-41FC-8CC2-95833B8F030E}.Debug|Any CPU.ActiveCfg = Debug|Any CPU
		{662AA59B-2026-41FC-8CC2-95833B8F030E}.Debug|Any CPU.Build.0 = Debug|Any CPU
		{662AA59B-2026-41FC-8CC2-95833B8F030E}.Release|Any CPU.ActiveCfg = Release|Any CPU
		{662AA59B-2026-41FC-8CC2-95833B8F030E}.Release|Any CPU.Build.0 = Release|Any CPU
		{8B50D114-BDE6-494C-9CF1-30D728AAACF9}.Debug|Any CPU.ActiveCfg = Debug|Any CPU
		{8B50D114-BDE6-494C-9CF1-30D728AAACF9}.Debug|Any CPU.Build.0 = Debug|Any CPU
		{8B50D114-BDE6-494C-9CF1-30D728AAACF9}.Release|Any CPU.ActiveCfg = Release|Any CPU
		{8B50D114-BDE6-494C-9CF1-30D728AAACF9}.Release|Any CPU.Build.0 = Release|Any CPU
	EndGlobalSection
	GlobalSection(SolutionProperties) = preSolution
		HideSolutionNode = FALSE
	EndGlobalSection
	GlobalSection(ExtensibilityGlobals) = postSolution
		SolutionGuid = {64DE733B-8372-432F-BECA-D8B515843505}
	EndGlobalSection
EndGlobal
